// !$*UTF8*$!
{
	archiveVersion = 1;
	classes = {
	};
	objectVersion = 46;
	objects = {

/* Begin PBXBuildFile section */
		073B9F85DD875827727F5306 /* main.m in Sources */ = {isa = PBXBuildFile; fileRef = F03CA409DE23B988F053FCCF /* main.m */; };
		2F87179AE743CF69ABB738AD /* AppDelegate.m in Sources */ = {isa = PBXBuildFile; fileRef = 887390CF57DD3629A79902E7 /* AppDelegate.m */; };
		48CA6EF462764F1176B8A799 /* Main.storyboard in Sources */ = {isa = PBXBuildFile; fileRef = 67F4705839472AAA50A94242 /* Main.storyboard */; };
		633E98632FD4D84F131E4644 /* ViewController.m in Sources */ = {isa = PBXBuildFile; fileRef = BA73D5FDD49769A06A29A84B /* ViewController.m */; };
		6C6BF6A3070B358F738ABAA4 /* SceneDelegate.m in Sources */ = {isa = PBXBuildFile; fileRef = 5D6622D67993A5201AD5CF94 /* SceneDelegate.m */; };
		6D309972821A2BF662E902B1 /* LaunchScreen.storyboard in Sources */ = {isa = PBXBuildFile; fileRef = D4F93F4E944F6010C9D73EB5 /* LaunchScreen.storyboard */; };
		89CF6140D087220533C586F5 /* Assets.xcassets in Sources */ = {isa = PBXBuildFile; fileRef = B5EEFE4C34D82A2C3AFC4922 /* Assets.xcassets */; };
		DF5E0A23215EA4ECC3204DB2 /* Foundation.framework in Frameworks */ = {isa = PBXBuildFile; fileRef = 08627FF592851D697B5E4A4B /* Foundation.framework */; };
/* End PBXBuildFile section */

/* Begin PBXFileReference section */
		08627FF592851D697B5E4A4B /* Foundation.framework */ = {isa = PBXFileReference; lastKnownFileType = wrapper.framework; name = Foundation.framework; path = Platforms/iPhoneOS.platform/Developer/SDKs/iPhoneOS14.0.sdk/System/Library/Frameworks/Foundation.framework; sourceTree = DEVELOPER_DIR; };
		5D6622D67993A5201AD5CF94 /* SceneDelegate.m */ = {isa = PBXFileReference; includeInIndex = 1; lastKnownFileType = sourcecode.c.objc; path = SceneDelegate.m; sourceTree = "<group>"; };
		67F4705839472AAA50A94242 /* Main.storyboard */ = {isa = PBXFileReference; includeInIndex = 1; lastKnownFileType = file.storyboard; name = Main.storyboard; path = Base.lproj/Main.storyboard; sourceTree = "<group>"; };
		7C68A534B060D508AD69E689 /* SceneDelegate.h */ = {isa = PBXFileReference; includeInIndex = 1; lastKnownFileType = sourcecode.c.h; path = SceneDelegate.h; sourceTree = "<group>"; };
		84F57A8552B7834122043C02 /* Info.plist */ = {isa = PBXFileReference; includeInIndex = 1; lastKnownFileType = text.plist.xml; path = Info.plist; sourceTree = "<group>"; };
		887390CF57DD3629A79902E7 /* AppDelegate.m */ = {isa = PBXFileReference; includeInIndex = 1; lastKnownFileType = sourcecode.c.objc; path = AppDelegate.m; sourceTree = "<group>"; };
		976D544488BF51E70EA32477 /* ViewController.h */ = {isa = PBXFileReference; includeInIndex = 1; lastKnownFileType = sourcecode.c.h; path = ViewController.h; sourceTree = "<group>"; };
		AF4A71E7D10850B0EC1A0D2A /* AppDelegate.h */ = {isa = PBXFileReference; includeInIndex = 1; lastKnownFileType = sourcecode.c.h; path = AppDelegate.h; sourceTree = "<group>"; };
		B5EEFE4C34D82A2C3AFC4922 /* Assets.xcassets */ = {isa = PBXFileReference; includeInIndex = 1; lastKnownFileType = folder.assetcatalog; path = Assets.xcassets; sourceTree = "<group>"; };
		BA73D5FDD49769A06A29A84B /* ViewController.m */ = {isa = PBXFileReference; includeInIndex = 1; lastKnownFileType = sourcecode.c.objc; path = ViewController.m; sourceTree = "<group>"; };
		D4F93F4E944F6010C9D73EB5 /* LaunchScreen.storyboard */ = {isa = PBXFileReference; includeInIndex = 1; lastKnownFileType = file.storyboard; name = LaunchScreen.storyboard; path = Base.lproj/LaunchScreen.storyboard; sourceTree = "<group>"; };
		EB9BC3261CC689ED99CDA03B /* CCCanvas.Point.OC.app */ = {isa = PBXFileReference; explicitFileType = wrapper.application; includeInIndex = 0; path = CCCanvas.Point.OC.app; sourceTree = BUILT_PRODUCTS_DIR; };
		F03CA409DE23B988F053FCCF /* main.m */ = {isa = PBXFileReference; includeInIndex = 1; lastKnownFileType = sourcecode.c.objc; path = main.m; sourceTree = "<group>"; };
/* End PBXFileReference section */

/* Begin PBXFrameworksBuildPhase section */
		C895D07F6F666B8320C4B625 /* Frameworks */ = {
			isa = PBXFrameworksBuildPhase;
			buildActionMask = 2147483647;
			files = (
				DF5E0A23215EA4ECC3204DB2 /* Foundation.framework in Frameworks */,
			);
			runOnlyForDeploymentPostprocessing = 0;
		};
/* End PBXFrameworksBuildPhase section */

/* Begin PBXGroup section */
		1129B02EE6A3C0D46C8862B7 = {
			isa = PBXGroup;
			children = (
				F7DE2359B20DEF1E78C23A9B /* Products */,
				B24F0FE157D6EEBE2F2EAA6E /* Frameworks */,
				C1F5C6D42ED1AC7508A2E291 /* CCCanvas.Point.OC */,
			);
			sourceTree = "<group>";
		};
		A1AE67B8C8ED99430A208F7D /* iOS */ = {
			isa = PBXGroup;
			children = (
				08627FF592851D697B5E4A4B /* Foundation.framework */,
			);
			name = iOS;
			sourceTree = "<group>";
		};
		B24F0FE157D6EEBE2F2EAA6E /* Frameworks */ = {
			isa = PBXGroup;
			children = (
				A1AE67B8C8ED99430A208F7D /* iOS */,
			);
			name = Frameworks;
			sourceTree = "<group>";
		};
		C1F5C6D42ED1AC7508A2E291 /* CCCanvas.Point.OC */ = {
			isa = PBXGroup;
			children = (
				AF4A71E7D10850B0EC1A0D2A /* AppDelegate.h */,
				887390CF57DD3629A79902E7 /* AppDelegate.m */,
				7C68A534B060D508AD69E689 /* SceneDelegate.h */,
				5D6622D67993A5201AD5CF94 /* SceneDelegate.m */,
				976D544488BF51E70EA32477 /* ViewController.h */,
				BA73D5FDD49769A06A29A84B /* ViewController.m */,
				67F4705839472AAA50A94242 /* Main.storyboard */,
				B5EEFE4C34D82A2C3AFC4922 /* Assets.xcassets */,
				D4F93F4E944F6010C9D73EB5 /* LaunchScreen.storyboard */,
				84F57A8552B7834122043C02 /* Info.plist */,
				F03CA409DE23B988F053FCCF /* main.m */,
			);
			name = CCCanvas.Point.OC;
			path = CCCanvas.Point.OC;
			sourceTree = "<group>";
		};
		F7DE2359B20DEF1E78C23A9B /* Products */ = {
			isa = PBXGroup;
			children = (
				EB9BC3261CC689ED99CDA03B /* CCCanvas.Point.OC.app */,
			);
			name = Products;
			sourceTree = "<group>";
		};
/* End PBXGroup section */

/* Begin PBXNativeTarget section */
		5425CBF65797685BFB5FE982 /* CCCanvas.Point.OC */ = {
			isa = PBXNativeTarget;
			buildConfigurationList = 7713FE022347F8CF01723B65 /* Build configuration list for PBXNativeTarget "CCCanvas.Point.OC" */;
			buildPhases = (
				3F3473BCC33A4B6DCBB0CD08 /* Sources */,
				C895D07F6F666B8320C4B625 /* Frameworks */,
				70CA506F63238AE6AD2841DF /* Resources */,
			);
			buildRules = (
			);
			dependencies = (
			);
			name = CCCanvas.Point.OC;
			productName = CCCanvas.Point.OC;
			productReference = EB9BC3261CC689ED99CDA03B /* CCCanvas.Point.OC.app */;
			productType = "com.apple.product-type.application";
		};
/* End PBXNativeTarget section */

/* Begin PBXProject section */
		9625FFB48C2E0E8E54DF3ACF /* Project object */ = {
			isa = PBXProject;
			attributes = {
				CLASSPREFIX = CC;
				LastSwiftUpdateCheck = 1240;
				LastUpgradeCheck = 1240;
				ORGANIZATIONNAME = "CC (deng you hua | cworld1000@gmail.com)";
			};
			buildConfigurationList = 258F352254603A067D991DC9 /* Build configuration list for PBXProject "CCCanvas.Point.OC" */;
			compatibilityVersion = "Xcode 3.2";
			developmentRegion = en;
			hasScannedForEncodings = 0;
			knownRegions = (
				en,
				Base,
			);
			mainGroup = 1129B02EE6A3C0D46C8862B7;
			productRefGroup = F7DE2359B20DEF1E78C23A9B /* Products */;
			projectDirPath = "";
			projectRoot = "";
			targets = (
				5425CBF65797685BFB5FE982 /* CCCanvas.Point.OC */,
			);
		};
/* End PBXProject section */

/* Begin PBXResourcesBuildPhase section */
		70CA506F63238AE6AD2841DF /* Resources */ = {
			isa = PBXResourcesBuildPhase;
			buildActionMask = 2147483647;
			files = (
			);
			runOnlyForDeploymentPostprocessing = 0;
		};
/* End PBXResourcesBuildPhase section */

/* Begin PBXSourcesBuildPhase section */
		3F3473BCC33A4B6DCBB0CD08 /* Sources */ = {
			isa = PBXSourcesBuildPhase;
			buildActionMask = 2147483647;
			files = (
				2F87179AE743CF69ABB738AD /* AppDelegate.m in Sources */,
				6C6BF6A3070B358F738ABAA4 /* SceneDelegate.m in Sources */,
				633E98632FD4D84F131E4644 /* ViewController.m in Sources */,
				48CA6EF462764F1176B8A799 /* Main.storyboard in Sources */,
				89CF6140D087220533C586F5 /* Assets.xcassets in Sources */,
				6D309972821A2BF662E902B1 /* LaunchScreen.storyboard in Sources */,
				073B9F85DD875827727F5306 /* main.m in Sources */,
			);
			runOnlyForDeploymentPostprocessing = 0;
		};
/* End PBXSourcesBuildPhase section */

/* Begin XCBuildConfiguration section */
		56EFA7F3C678DC4BD1933EA9 /* Debug */ = {
			isa = XCBuildConfiguration;
			buildSettings = {
				ALWAYS_SEARCH_USER_PATHS = NO;
				CLANG_ANALYZER_NONNULL = YES;
				CLANG_ANALYZER_NUMBER_OBJECT_CONVERSION = YES_AGGRESSIVE;
				CLANG_CXX_LANGUAGE_STANDARD = "gnu++14";
				CLANG_CXX_LIBRARY = "libc++";
				CLANG_ENABLE_MODULES = YES;
				CLANG_ENABLE_OBJC_ARC = YES;
				CLANG_ENABLE_OBJC_WEAK = YES;
				CLANG_WARN_BLOCK_CAPTURE_AUTORELEASING = YES;
				CLANG_WARN_BOOL_CONVERSION = YES;
				CLANG_WARN_COMMA = YES;
				CLANG_WARN_CONSTANT_CONVERSION = YES;
				CLANG_WARN_DEPRECATED_OBJC_IMPLEMENTATIONS = YES;
				CLANG_WARN_DIRECT_OBJC_ISA_USAGE = YES_ERROR;
				CLANG_WARN_DOCUMENTATION_COMMENTS = YES;
				CLANG_WARN_EMPTY_BODY = YES;
				CLANG_WARN_ENUM_CONVERSION = YES;
				CLANG_WARN_INFINITE_RECURSION = YES;
				CLANG_WARN_INT_CONVERSION = YES;
				CLANG_WARN_NON_LITERAL_NULL_CONVERSION = YES;
				CLANG_WARN_OBJC_IMPLICIT_RETAIN_SELF = YES;
				CLANG_WARN_OBJC_LITERAL_CONVERSION = YES;
				CLANG_WARN_OBJC_ROOT_CLASS = YES_ERROR;
				CLANG_WARN_QUOTED_INCLUDE_IN_FRAMEWORK_HEADER = YES;
				CLANG_WARN_RANGE_LOOP_ANALYSIS = YES;
				CLANG_WARN_STRICT_PROTOTYPES = YES;
				CLANG_WARN_SUSPICIOUS_MOVE = YES;
				CLANG_WARN_UNGUARDED_AVAILABILITY = YES_AGGRESSIVE;
				CLANG_WARN_UNREACHABLE_CODE = YES;
				CLANG_WARN__DUPLICATE_METHOD_MATCH = YES;
				COPY_PHASE_STRIP = NO;
				DEBUG_INFORMATION_FORMAT = dwarf;
				ENABLE_STRICT_OBJC_MSGSEND = YES;
				ENABLE_TESTABILITY = YES;
				GCC_C_LANGUAGE_STANDARD = gnu11;
				GCC_DYNAMIC_NO_PIC = NO;
				GCC_NO_COMMON_BLOCKS = YES;
				GCC_OPTIMIZATION_LEVEL = 0;
				GCC_PREPROCESSOR_DEFINITIONS = (
					"DEBUG=1",
					"$(inherited)",
				);
				GCC_WARN_64_TO_32_BIT_CONVERSION = YES;
				GCC_WARN_ABOUT_RETURN_TYPE = YES_ERROR;
				GCC_WARN_UNDECLARED_SELECTOR = YES;
				GCC_WARN_UNINITIALIZED_AUTOS = YES_AGGRESSIVE;
				GCC_WARN_UNUSED_FUNCTION = YES;
				GCC_WARN_UNUSED_VARIABLE = YES;
				MTL_ENABLE_DEBUG_INFO = INCLUDE_SOURCE;
				MTL_FAST_MATH = YES;
				ONLY_ACTIVE_ARCH = YES;
				PRODUCT_NAME = "$(TARGET_NAME)";
				SWIFT_ACTIVE_COMPILATION_CONDITIONS = DEBUG;
				SWIFT_OPTIMIZATION_LEVEL = "-Onone";
				SWIFT_VERSION = 5.0;
			};
			name = Debug;
		};
		60A7A1294F249DE73F6E3597 /* Debug */ = {
			isa = XCBuildConfiguration;
			buildSettings = {
				ASSETCATALOG_COMPILER_APPICON_NAME = AppIcon;
				ASSETCATALOG_COMPILER_GLOBAL_ACCENT_COLOR_NAME = AccentColor;
				CLANG_ENABLE_OBJC_WEAK = NO;
				CURRENT_PROJECT_VERSION = 1;
				GENERATE_INFOPLIST_FILE = YES;
				INFOPLIST_FILE = CCCanvas.Point.OC/Info.plist;
				INFOPLIST_KEY_UILaunchStoryboardName = LaunchScreen;
				INFOPLIST_KEY_UIMainStoryboardFile = Main;
				INFOPLIST_KEY_UISupportedInterfaceOrientations_iPad = "UIInterfaceOrientationPortrait UIInterfaceOrientationPortraitUpsideDown UIInterfaceOrientationLandscapeLeft UIInterfaceOrientationLandscapeRight";
				INFOPLIST_KEY_UISupportedInterfaceOrientations_iPhone = "UIInterfaceOrientationPortrait UIInterfaceOrientationLandscapeLeft UIInterfaceOrientationLandscapeRight";
				IPHONEOS_DEPLOYMENT_TARGET = 10.0;
				LD_RUNPATH_SEARCH_PATHS = "$(inherited) @executable_path/Frameworks";
				MARKETING_VERSION = 1.0;
				PRODUCT_BUNDLE_IDENTIFIER = "com.cc.CCCanvas-Point.OC";
				SDKROOT = iphoneos;
				TARGETED_DEVICE_FAMILY = "1,2";
			};
			name = Debug;
		};
		8FD1BFF2A13529C053C20B15 /* Release */ = {
			isa = XCBuildConfiguration;
			buildSettings = {
				ASSETCATALOG_COMPILER_APPICON_NAME = AppIcon;
				ASSETCATALOG_COMPILER_GLOBAL_ACCENT_COLOR_NAME = AccentColor;
				CLANG_ENABLE_OBJC_WEAK = NO;
				CURRENT_PROJECT_VERSION = 1;
				GENERATE_INFOPLIST_FILE = YES;
				INFOPLIST_FILE = CCCanvas.Point.OC/Info.plist;
				INFOPLIST_KEY_UILaunchStoryboardName = LaunchScreen;
				INFOPLIST_KEY_UIMainStoryboardFile = Main;
				INFOPLIST_KEY_UISupportedInterfaceOrientations_iPad = "UIInterfaceOrientationPortrait UIInterfaceOrientationPortraitUpsideDown UIInterfaceOrientationLandscapeLeft UIInterfaceOrientationLandscapeRight";
				INFOPLIST_KEY_UISupportedInterfaceOrientations_iPhone = "UIInterfaceOrientationPortrait UIInterfaceOrientationLandscapeLeft UIInterfaceOrientationLandscapeRight";
				IPHONEOS_DEPLOYMENT_TARGET = 10.0;
				LD_RUNPATH_SEARCH_PATHS = "$(inherited) @executable_path/Frameworks";
				MARKETING_VERSION = 1.0;
				PRODUCT_BUNDLE_IDENTIFIER = "com.cc.CCCanvas-Point.OC";
				SDKROOT = iphoneos;
				TARGETED_DEVICE_FAMILY = "1,2";
				VALIDATE_PRODUCT = YES;
			};
			name = Release;
		};
		C599E5052F27AB20D41C7529 /* Release */ = {
			isa = XCBuildConfiguration;
			buildSettings = {
				ALWAYS_SEARCH_USER_PATHS = NO;
				CLANG_ANALYZER_NONNULL = YES;
				CLANG_ANALYZER_NUMBER_OBJECT_CONVERSION = YES_AGGRESSIVE;
				CLANG_CXX_LANGUAGE_STANDARD = "gnu++14";
				CLANG_CXX_LIBRARY = "libc++";
				CLANG_ENABLE_MODULES = YES;
				CLANG_ENABLE_OBJC_ARC = YES;
				CLANG_ENABLE_OBJC_WEAK = YES;
				CLANG_WARN_BLOCK_CAPTURE_AUTORELEASING = YES;
				CLANG_WARN_BOOL_CONVERSION = YES;
				CLANG_WARN_COMMA = YES;
				CLANG_WARN_CONSTANT_CONVERSION = YES;
				CLANG_WARN_DEPRECATED_OBJC_IMPLEMENTATIONS = YES;
				CLANG_WARN_DIRECT_OBJC_ISA_USAGE = YES_ERROR;
				CLANG_WARN_DOCUMENTATION_COMMENTS = YES;
				CLANG_WARN_EMPTY_BODY = YES;
				CLANG_WARN_ENUM_CONVERSION = YES;
				CLANG_WARN_INFINITE_RECURSION = YES;
				CLANG_WARN_INT_CONVERSION = YES;
				CLANG_WARN_NON_LITERAL_NULL_CONVERSION = YES;
				CLANG_WARN_OBJC_IMPLICIT_RETAIN_SELF = YES;
				CLANG_WARN_OBJC_LITERAL_CONVERSION = YES;
				CLANG_WARN_OBJC_ROOT_CLASS = YES_ERROR;
				CLANG_WARN_QUOTED_INCLUDE_IN_FRAMEWORK_HEADER = YES;
				CLANG_WARN_RANGE_LOOP_ANALYSIS = YES;
				CLANG_WARN_STRICT_PROTOTYPES = YES;
				CLANG_WARN_SUSPICIOUS_MOVE = YES;
				CLANG_WARN_UNGUARDED_AVAILABILITY = YES_AGGRESSIVE;
				CLANG_WARN_UNREACHABLE_CODE = YES;
				CLANG_WARN__DUPLICATE_METHOD_MATCH = YES;
				COPY_PHASE_STRIP = NO;
				DEBUG_INFORMATION_FORMAT = "dwarf-with-dsym";
				ENABLE_NS_ASSERTIONS = NO;
				ENABLE_STRICT_OBJC_MSGSEND = YES;
				GCC_C_LANGUAGE_STANDARD = gnu11;
				GCC_NO_COMMON_BLOCKS = YES;
				GCC_WARN_64_TO_32_BIT_CONVERSION = YES;
				GCC_WARN_ABOUT_RETURN_TYPE = YES_ERROR;
				GCC_WARN_UNDECLARED_SELECTOR = YES;
				GCC_WARN_UNINITIALIZED_AUTOS = YES_AGGRESSIVE;
				GCC_WARN_UNUSED_FUNCTION = YES;
				GCC_WARN_UNUSED_VARIABLE = YES;
				MTL_ENABLE_DEBUG_INFO = NO;
				MTL_FAST_MATH = YES;
				PRODUCT_NAME = "$(TARGET_NAME)";
				SWIFT_COMPILATION_MODE = wholemodule;
				SWIFT_OPTIMIZATION_LEVEL = "-O";
				SWIFT_VERSION = 5.0;
			};
			name = Release;
		};
/* End XCBuildConfiguration section */

/* Begin XCConfigurationList section */
		258F352254603A067D991DC9 /* Build configuration list for PBXProject "CCCanvas.Point.OC" */ = {
			isa = XCConfigurationList;
			buildConfigurations = (
				56EFA7F3C678DC4BD1933EA9 /* Debug */,
				C599E5052F27AB20D41C7529 /* Release */,
			);
			defaultConfigurationIsVisible = 0;
			defaultConfigurationName = Release;
		};
		7713FE022347F8CF01723B65 /* Build configuration list for PBXNativeTarget "CCCanvas.Point.OC" */ = {
			isa = XCConfigurationList;
			buildConfigurations = (
				8FD1BFF2A13529C053C20B15 /* Release */,
				60A7A1294F249DE73F6E3597 /* Debug */,
			);
			defaultConfigurationIsVisible = 0;
			defaultConfigurationName = Release;
		};
/* End XCConfigurationList section */
	};
	rootObject = 9625FFB48C2E0E8E54DF3ACF /* Project object */;
}
